
Microsoft Visual Studio Solution File, Format Version 12.00
# Visual Studio Version 16
VisualStudioVersion = 16.0.31424.327
MinimumVisualStudioVersion = 10.0.40219.1
Project("{FAE04EC0-301F-11D3-BF4B-00C04F79EFBC}") = "宾馆住宿管理系统", "宾馆住宿管理系统\宾馆住宿管理系统.csproj", "{372C60B5-3DD9-4A33-A727-56862A647806}"
EndProject
Project("{2150E333-8FDC-42A3-9474-1A3956D46DE8}") = "Solution Items", "Solution Items", "{C874190D-E6E0-49DA-9C91-C9BB9DAEDCCE}"
EndProject
Global
	GlobalSection(SolutionConfigurationPlatforms) = preSolution
		Debug|Any CPU = Debug|Any CPU
		Release|Any CPU = Release|Any CPU
	EndGlobalSection
	GlobalSection(ProjectConfigurationPlatforms) = postSolution
		{372C60B5-3DD9-4A33-A727-56862A647806}.Debug|Any CPU.ActiveCfg = Debug|Any CPU
		{372C60B5-3DD9-4A33-A727-56862A647806}.Debug|Any CPU.Build.0 = Debug|Any CPU
		{372C60B5-3DD9-4A33-A727-56862A647806}.Release|Any CPU.ActiveCfg = Release|Any CPU
		{372C60B5-3DD9-4A33-A727-56862A647806}.Release|Any CPU.Build.0 = Release|Any CPU
	EndGlobalSection
	GlobalSection(SolutionProperties) = preSolution
		HideSolutionNode = FALSE
	EndGlobalSection
	GlobalSection(ExtensibilityGlobals) = postSolution
		SolutionGuid = {ADD21D25-F17D-454B-8164-F0EBD8BD1776}
	EndGlobalSection
EndGlobal
